# This file is automatically @generated by Cargo.
# It is not intended for manual editing.
[[package]]
name = "autocfg"
version = "1.0.0"
source = "registry+https://github.com/rust-lang/crates.io-index"
checksum = "f8aac770f1885fd7e387acedd76065302551364496e46b3dd00860b2f8359b9d"

[[package]]
name = "checkers"
version = "0.1.0"
dependencies = [
 "wasmi",
]

[[package]]
name = "libc"
version = "0.2.72"
source = "registry+https://github.com/rust-lang/crates.io-index"
checksum = "a9f8082297d534141b30c8d39e9b1773713ab50fdbe4ff30f750d063b3bfd701"

[[package]]
name = "memory_units"
version = "0.3.0"
source = "registry+https://github.com/rust-lang/crates.io-index"
checksum = "71d96e3f3c0b6325d8ccd83c33b28acb183edcb6c67938ba104ec546854b0882"

[[package]]
name = "num-bigint"
version = "0.2.6"
source = "registry+https://github.com/rust-lang/crates.io-index"
checksum = "090c7f9998ee0ff65aa5b723e4009f7b217707f1fb5ea551329cc4d6231fb304"
dependencies = [
 "autocfg",
 "num-integer",
 "num-traits",
]

[[package]]
name = "num-integer"
version = "0.1.43"
source = "registry+https://github.com/rust-lang/crates.io-index"
checksum = "8d59457e662d541ba17869cf51cf177c0b5f0cbf476c66bdc90bf1edac4f875b"
dependencies = [
 "autocfg",
 "num-traits",
]

[[package]]
name = "num-rational"
version = "0.2.4"
source = "registry+https://github.com/rust-lang/crates.io-index"
checksum = "5c000134b5dbf44adc5cb772486d335293351644b801551abe8f75c84cfa4aef"
dependencies = [
 "autocfg",
 "num-bigint",
 "num-integer",
 "num-traits",
]

[[package]]
name = "num-traits"
version = "0.2.12"
source = "registry+https://github.com/rust-lang/crates.io-index"
checksum = "ac267bcc07f48ee5f8935ab0d24f316fb722d7a1292e2913f0cc196b29ffd611"
dependencies = [
 "autocfg",
]

[[package]]
name = "parity-wasm"
version = "0.41.0"
source = "registry+https://github.com/rust-lang/crates.io-index"
checksum = "ddfc878dac00da22f8f61e7af3157988424567ab01d9920b962ef7dcbd7cd865"

[[package]]
name = "wasmi"
version = "0.6.2"
source = "registry+https://github.com/rust-lang/crates.io-index"
checksum = "bf617d864d25af3587aa745529f7aaa541066c876d57e050c0d0c85c61c92aff"
dependencies = [
 "libc",
 "memory_units",
 "num-rational",
 "num-traits",
 "parity-wasm",
 "wasmi-validation",
]

[[package]]
name = "wasmi-validation"
version = "0.3.0"
source = "registry+https://github.com/rust-lang/crates.io-index"
checksum = "ea78c597064ba73596099281e2f4cfc019075122a65cdda3205af94f0b264d93"
dependencies = [
 "parity-wasm",
]
