{
  "name": "experiments",
  "version": "1.0.0",
  "lockfileVersion": 1,
  "requires": true,
  "dependencies": {
    "bootstrap": {
      "version": "4.0.0-alpha.6",
      "resolved": "https://registry.npmjs.org/bootstrap/-/bootstrap-4.0.0-alpha.6.tgz",
      "integrity": "sha1-T1TdM6wN6sOyhAe8LffsYIhpycg=",
      "requires": {
        "jquery": "3.3.1",
        "tether": "1.4.4"
      }
    },
    "co": {
      "version": "4.6.0",
      "resolved": "https://registry.npmjs.org/co/-/co-4.6.0.tgz",
      "integrity": "sha1-bqa989hTrlTMuOR7+gvz+QMfsYQ="
    },
    "folktale": {
      "version": "2.1.0",
      "resolved": "https://registry.npmjs.org/folktale/-/folktale-2.1.0.tgz",
      "integrity": "sha512-eG9lWx/MAOPoFllqASH7d1+QMl6qCd+E+rOPSWgulFPKG55506kXKQZLnMg3fMHFZUWY/2POZUPc/MH7048nIg=="
    },
    "jquery": {
      "version": "3.3.1",
      "resolved": "https://registry.npmjs.org/jquery/-/jquery-3.3.1.tgz",
      "integrity": "sha512-Ubldcmxp5np52/ENotGxlLe6aGMvmF4R8S6tZjsP6Knsaxd/xp3Zrh50cG93lR6nPXyUFwzN3ZSOQI0wRJNdGg=="
    },
    "ramda": {
      "version": "0.24.1",
      "resolved": "https://registry.npmjs.org/ramda/-/ramda-0.24.1.tgz",
      "integrity": "sha1-w7d1UZfzW43DUCIoJixMkd22uFc="
    },
    "ramda-fantasy": {
      "version": "0.8.0",
      "resolved": "https://registry.npmjs.org/ramda-fantasy/-/ramda-fantasy-0.8.0.tgz",
      "integrity": "sha1-now32T7ApweWz8EIc92cUIUDkPY=",
      "requires": {
        "ramda": "0.24.1"
      }
    },
    "rxjs": {
      "version": "5.5.10",
      "resolved": "https://registry.npmjs.org/rxjs/-/rxjs-5.5.10.tgz",
      "integrity": "sha512-SRjimIDUHJkon+2hFo7xnvNC4ZEHGzCRwh9P7nzX3zPkCGFEg/tuElrNR7L/rZMagnK2JeH2jQwPRpmyXyLB6A==",
      "requires": {
        "symbol-observable": "1.0.1"
      }
    },
    "symbol-observable": {
      "version": "1.0.1",
      "resolved": "https://registry.npmjs.org/symbol-observable/-/symbol-observable-1.0.1.tgz",
      "integrity": "sha1-g0D8RwLDEi310iKI+IKD9RPT/dQ="
    },
    "tether": {
      "version": "1.4.4",
      "resolved": "https://registry.npmjs.org/tether/-/tether-1.4.4.tgz",
      "integrity": "sha512-bagKeRRo3vEynHnO3GB7/jB3Q4YIf0mN7gXM/nR0wZvNHkPrwmZemg1w0C32JZP0prHZUwxGwoX5CdA7tuIDEw=="
    }
  }
}
