# This file is automatically @generated by Cargo.
# It is not intended for manual editing.
[[package]]
name = "bit_field"
version = "0.9.0"
source = "registry+https://github.com/rust-lang/crates.io-index"
checksum = "ed8765909f9009617974ab6b7d332625b320b33c326b1e9321382ef1999b5d56"

[[package]]
name = "bitflags"
version = "1.2.1"
source = "registry+https://github.com/rust-lang/crates.io-index"
checksum = "cf1de2fe8c75bc145a2f577add951f8134889b4795d47466a54a5c846d691693"

[[package]]
name = "bootloader"
version = "0.9.8"
source = "registry+https://github.com/rust-lang/crates.io-index"
checksum = "0ad686b9b47363de7d36c05fb6885f17d08d0f2d15b1bc782a101fe3c94a2c7c"

[[package]]
name = "fledge-os"
version = "0.1.0"
dependencies = [
 "bootloader",
 "rlibc",
 "x86_64",
]

[[package]]
name = "rlibc"
version = "1.0.0"
source = "registry+https://github.com/rust-lang/crates.io-index"
checksum = "fc874b127765f014d792f16763a81245ab80500e2ad921ed4ee9e82481ee08fe"

[[package]]
name = "x86_64"
version = "0.11.2"
source = "registry+https://github.com/rust-lang/crates.io-index"
checksum = "88ca13fe418403c0df903ee7eb3bf1a51a742bb339b42a329642f386224b8e64"
dependencies = [
 "bit_field",
 "bitflags",
]
