{
  "name": "@microreads/web",
  "version": "1.0.0",
  "lockfileVersion": 1,
  "requires": true,
  "dependencies": {
    "@types/node": {
      "version": "10.14.1",
      "resolved": "https://registry.npmjs.org/@types/node/-/node-10.14.1.tgz",
      "integrity": "sha512-Rymt08vh1GaW4vYB6QP61/5m/CFLGnFZP++bJpWbiNxceNa6RBipDmb413jvtSf/R1gg5a/jQVl2jY4XVRscEA==",
      "dev": true
    },
    "typescript": {
      "version": "3.4.1",
      "resolved": "https://registry.npmjs.org/typescript/-/typescript-3.4.1.tgz",
      "integrity": "sha512-3NSMb2VzDQm8oBTLH6Nj55VVtUEpe/rgkIzMir0qVoLyjDZlnMBva0U6vDiV3IH+sl/Yu6oP5QwsAQtHPmDd2Q==",
      "dev": true
    }
  }
}
